hash: 2461197f9decced3ee47905ddbe28c3621b3bce7b5d02ffaf9addb9ae6e7590b
updated: 2016-10-25T23:34:35.109832662+03:00
imports:
- name: github.com/channelmeter/vault-gatekeeper-mesos
  version: 65687a3746cad53f0039ac039fff15c579c3f8bb
  subpackages:
  - gatekeeper
- name: github.com/Jeffail/gabs
  version: 855034b6b7a3b7144977efcaefe72d2c64b0d039
testImports: []
